
Microsoft Visual Studio Solution File, Format Version 12.00
# Visual Studio Version 16
VisualStudioVersion = 16.0.30011.22
MinimumVisualStudioVersion = 10.0.40219.1
Project("{FAE04EC0-301F-11D3-BF4B-00C04F79EFBC}") = "ChitChatServer", "ChitChatApp\ChitChatServer.csproj", "{BAF42DB0-174C-4F08-A649-E86E901E596A}"
EndProject
Project("{FAE04EC0-301F-11D3-BF4B-00C04F79EFBC}") = "ChitChatClient", "ChitChatClient\ChitChatClient.csproj", "{DE11E089-77D5-41A8-A473-A3141C662262}"
EndProject
Global
	GlobalSection(SolutionConfigurationPlatforms) = preSolution
		Debug|Any CPU = Debug|Any CPU
		Release|Any CPU = Release|Any CPU
	EndGlobalSection
	GlobalSection(ProjectConfigurationPlatforms) = postSolution
		{BAF42DB0-174C-4F08-A649-E86E901E596A}.Debug|Any CPU.ActiveCfg = Debug|Any CPU
		{BAF42DB0-174C-4F08-A649-E86E901E596A}.Debug|Any CPU.Build.0 = Debug|Any CPU
		{BAF42DB0-174C-4F08-A649-E86E901E596A}.Release|Any CPU.ActiveCfg = Release|Any CPU
		{BAF42DB0-174C-4F08-A649-E86E901E596A}.Release|Any CPU.Build.0 = Release|Any CPU
		{DE11E089-77D5-41A8-A473-A3141C662262}.Debug|Any CPU.ActiveCfg = Debug|Any CPU
		{DE11E089-77D5-41A8-A473-A3141C662262}.Debug|Any CPU.Build.0 = Debug|Any CPU
		{DE11E089-77D5-41A8-A473-A3141C662262}.Release|Any CPU.ActiveCfg = Release|Any CPU
		{DE11E089-77D5-41A8-A473-A3141C662262}.Release|Any CPU.Build.0 = Release|Any CPU
	EndGlobalSection
	GlobalSection(SolutionProperties) = preSolution
		HideSolutionNode = FALSE
	EndGlobalSection
	GlobalSection(ExtensibilityGlobals) = postSolution
		SolutionGuid = {1C4A3922-DBB4-42DD-8ACB-EBF17A121354}
	EndGlobalSection
EndGlobal
